
Microsoft Visual Studio Solution File, Format Version 12.00
# Visual Studio Version 17
VisualStudioVersion = 17.14.36429.23 d17.14
MinimumVisualStudioVersion = 10.0.40219.1
Project("{FAE04EC0-301F-11D3-BF4B-00C04F79EFBC}") = "BA2", "BA2.csproj", "{81453846-33A2-4D06-8991-C5A68BAD91E3}"
EndProject
Project("{FAE04EC0-301F-11D3-BF4B-00C04F79EFBC}") = "BAT1", "..\BAT1\BAT1.csproj", "{DBBA1AB8-3DF6-4356-AA8A-3D5600825FF9}"
EndProject
Global
	GlobalSection(SolutionConfigurationPlatforms) = preSolution
		Debug|Any CPU = Debug|Any CPU
		Release|Any CPU = Release|Any CPU
	EndGlobalSection
	GlobalSection(ProjectConfigurationPlatforms) = postSolution
		{81453846-33A2-4D06-8991-C5A68BAD91E3}.Debug|Any CPU.ActiveCfg = Debug|Any CPU
		{81453846-33A2-4D06-8991-C5A68BAD91E3}.Debug|Any CPU.Build.0 = Debug|Any CPU
		{81453846-33A2-4D06-8991-C5A68BAD91E3}.Release|Any CPU.ActiveCfg = Release|Any CPU
		{81453846-33A2-4D06-8991-C5A68BAD91E3}.Release|Any CPU.Build.0 = Release|Any CPU
		{DBBA1AB8-3DF6-4356-AA8A-3D5600825FF9}.Debug|Any CPU.ActiveCfg = Debug|Any CPU
		{DBBA1AB8-3DF6-4356-AA8A-3D5600825FF9}.Debug|Any CPU.Build.0 = Debug|Any CPU
		{DBBA1AB8-3DF6-4356-AA8A-3D5600825FF9}.Release|Any CPU.ActiveCfg = Release|Any CPU
		{DBBA1AB8-3DF6-4356-AA8A-3D5600825FF9}.Release|Any CPU.Build.0 = Release|Any CPU
	EndGlobalSection
	GlobalSection(SolutionProperties) = preSolution
		HideSolutionNode = FALSE
	EndGlobalSection
	GlobalSection(ExtensibilityGlobals) = postSolution
		SolutionGuid = {14E48EF6-20C9-4B1F-882D-50C710DF017E}
	EndGlobalSection
EndGlobal
